// !$*UTF8*$!
{
	archiveVersion = 1;
	classes = {
	};
	objectVersion = 56;
	objects = {

/* Begin PBXBuildFile section */
		121918B92950169800972F7C /* AppDelegate.swift in Sources */ = {isa = PBXBuildFile; fileRef = 121918B82950169800972F7C /* AppDelegate.swift */; };
		121918BB2950169800972F7C /* SceneDelegate.swift in Sources */ = {isa = PBXBuildFile; fileRef = 121918BA2950169800972F7C /* SceneDelegate.swift */; };
		121918BD2950169800972F7C /* ViewController.swift in Sources */ = {isa = PBXBuildFile; fileRef = 121918BC2950169800972F7C /* ViewController.swift */; };
		121918C02950169800972F7C /* Main.storyboard in Resources */ = {isa = PBXBuildFile; fileRef = 121918BE2950169800972F7C /* Main.storyboard */; };
		121918C32950169800972F7C /* Contact.xcdatamodeld in Sources */ = {isa = PBXBuildFile; fileRef = 121918C12950169800972F7C /* Contact.xcdatamodeld */; };
		121918C52950169A00972F7C /* Assets.xcassets in Resources */ = {isa = PBXBuildFile; fileRef = 121918C42950169A00972F7C /* Assets.xcassets */; };
		121918C82950169A00972F7C /* LaunchScreen.storyboard in Resources */ = {isa = PBXBuildFile; fileRef = 121918C62950169A00972F7C /* LaunchScreen.storyboard */; };
		121918D32950178000972F7C /* ContactPresenter.swift in Sources */ = {isa = PBXBuildFile; fileRef = 121918CF2950178000972F7C /* ContactPresenter.swift */; };
		121918D42950178000972F7C /* ContactModels.swift in Sources */ = {isa = PBXBuildFile; fileRef = 121918D02950178000972F7C /* ContactModels.swift */; };
		121918D52950178000972F7C /* ContactViewController.swift in Sources */ = {isa = PBXBuildFile; fileRef = 121918D12950178000972F7C /* ContactViewController.swift */; };
		121918D62950178000972F7C /* ContactInteractor.swift in Sources */ = {isa = PBXBuildFile; fileRef = 121918D22950178000972F7C /* ContactInteractor.swift */; };
		123EEA94295025E80064B446 /* ContactCell.swift in Sources */ = {isa = PBXBuildFile; fileRef = 123EEA93295025E80064B446 /* ContactCell.swift */; };
		123EEA9629502CD50064B446 /* AddContactViewController.swift in Sources */ = {isa = PBXBuildFile; fileRef = 123EEA9529502CD50064B446 /* AddContactViewController.swift */; };
		123EEA9829502DEC0064B446 /* CustomTextField.swift in Sources */ = {isa = PBXBuildFile; fileRef = 123EEA9729502DEC0064B446 /* CustomTextField.swift */; };
		123EEA9A29502E2F0064B446 /* Extensions.swift in Sources */ = {isa = PBXBuildFile; fileRef = 123EEA9929502E2F0064B446 /* Extensions.swift */; };
/* End PBXBuildFile section */

/* Begin PBXFileReference section */
		121918B52950169800972F7C /* Contact.app */ = {isa = PBXFileReference; explicitFileType = wrapper.application; includeInIndex = 0; path = Contact.app; sourceTree = BUILT_PRODUCTS_DIR; };
		121918B82950169800972F7C /* AppDelegate.swift */ = {isa = PBXFileReference; lastKnownFileType = sourcecode.swift; path = AppDelegate.swift; sourceTree = "<group>"; };
		121918BA2950169800972F7C /* SceneDelegate.swift */ = {isa = PBXFileReference; lastKnownFileType = sourcecode.swift; path = SceneDelegate.swift; sourceTree = "<group>"; };
		121918BC2950169800972F7C /* ViewController.swift */ = {isa = PBXFileReference; lastKnownFileType = sourcecode.swift; path = ViewController.swift; sourceTree = "<group>"; };
		121918BF2950169800972F7C /* Base */ = {isa = PBXFileReference; lastKnownFileType = file.storyboard; name = Base; path = Base.lproj/Main.storyboard; sourceTree = "<group>"; };
		121918C22950169800972F7C /* Contact.xcdatamodel */ = {isa = PBXFileReference; lastKnownFileType = wrapper.xcdatamodel; path = Contact.xcdatamodel; sourceTree = "<group>"; };
		121918C42950169A00972F7C /* Assets.xcassets */ = {isa = PBXFileReference; lastKnownFileType = folder.assetcatalog; path = Assets.xcassets; sourceTree = "<group>"; };
		121918C72950169A00972F7C /* Base */ = {isa = PBXFileReference; lastKnownFileType = file.storyboard; name = Base; path = Base.lproj/LaunchScreen.storyboard; sourceTree = "<group>"; };
		121918C92950169A00972F7C /* Info.plist */ = {isa = PBXFileReference; lastKnownFileType = text.plist.xml; path = Info.plist; sourceTree = "<group>"; };
		121918CF2950178000972F7C /* ContactPresenter.swift */ = {isa = PBXFileReference; lastKnownFileType = sourcecode.swift; path = ContactPresenter.swift; sourceTree = "<group>"; };
		121918D02950178000972F7C /* ContactModels.swift */ = {isa = PBXFileReference; lastKnownFileType = sourcecode.swift; path = ContactModels.swift; sourceTree = "<group>"; };
		121918D12950178000972F7C /* ContactViewController.swift */ = {isa = PBXFileReference; lastKnownFileType = sourcecode.swift; path = ContactViewController.swift; sourceTree = "<group>"; };
		121918D22950178000972F7C /* ContactInteractor.swift */ = {isa = PBXFileReference; lastKnownFileType = sourcecode.swift; path = ContactInteractor.swift; sourceTree = "<group>"; };
		123EEA93295025E80064B446 /* ContactCell.swift */ = {isa = PBXFileReference; lastKnownFileType = sourcecode.swift; path = ContactCell.swift; sourceTree = "<group>"; };
		123EEA9529502CD50064B446 /* AddContactViewController.swift */ = {isa = PBXFileReference; lastKnownFileType = sourcecode.swift; path = AddContactViewController.swift; sourceTree = "<group>"; };
		123EEA9729502DEC0064B446 /* CustomTextField.swift */ = {isa = PBXFileReference; fileEncoding = 4; lastKnownFileType = sourcecode.swift; path = CustomTextField.swift; sourceTree = "<group>"; };
		123EEA9929502E2F0064B446 /* Extensions.swift */ = {isa = PBXFileReference; fileEncoding = 4; lastKnownFileType = sourcecode.swift; path = Extensions.swift; sourceTree = "<group>"; };
/* End PBXFileReference section */

/* Begin PBXFrameworksBuildPhase section */
		121918B22950169800972F7C /* Frameworks */ = {
			isa = PBXFrameworksBuildPhase;
			buildActionMask = 2147483647;
			files = (
			);
			runOnlyForDeploymentPostprocessing = 0;
		};
/* End PBXFrameworksBuildPhase section */

/* Begin PBXGroup section */
		121918AC2950169800972F7C = {
			isa = PBXGroup;
			children = (
				121918B72950169800972F7C /* Contact */,
				121918B62950169800972F7C /* Products */,
			);
			sourceTree = "<group>";
		};
		121918B62950169800972F7C /* Products */ = {
			isa = PBXGroup;
			children = (
				121918B52950169800972F7C /* Contact.app */,
			);
			name = Products;
			sourceTree = "<group>";
		};
		121918B72950169800972F7C /* Contact */ = {
			isa = PBXGroup;
			children = (
				121918B82950169800972F7C /* AppDelegate.swift */,
				121918BA2950169800972F7C /* SceneDelegate.swift */,
				123EEA91295023000064B446 /* Contact */,
				121918BC2950169800972F7C /* ViewController.swift */,
				123EEA9929502E2F0064B446 /* Extensions.swift */,
				121918BE2950169800972F7C /* Main.storyboard */,
				121918C42950169A00972F7C /* Assets.xcassets */,
				121918C62950169A00972F7C /* LaunchScreen.storyboard */,
				121918C92950169A00972F7C /* Info.plist */,
				121918C12950169800972F7C /* Contact.xcdatamodeld */,
			);
			path = Contact;
			sourceTree = "<group>";
		};
		123EEA91295023000064B446 /* Contact */ = {
			isa = PBXGroup;
			children = (
				121918D12950178000972F7C /* ContactViewController.swift */,
				121918D22950178000972F7C /* ContactInteractor.swift */,
				121918CF2950178000972F7C /* ContactPresenter.swift */,
				121918D02950178000972F7C /* ContactModels.swift */,
				123EEA92295025BE0064B446 /* Others */,
			);
			path = Contact;
			sourceTree = "<group>";
		};
		123EEA92295025BE0064B446 /* Others */ = {
			isa = PBXGroup;
			children = (
				123EEA9529502CD50064B446 /* AddContactViewController.swift */,
				123EEA93295025E80064B446 /* ContactCell.swift */,
				123EEA9729502DEC0064B446 /* CustomTextField.swift */,
			);
			path = Others;
			sourceTree = "<group>";
		};
/* End PBXGroup section */

/* Begin PBXNativeTarget section */
		121918B42950169800972F7C /* Contact */ = {
			isa = PBXNativeTarget;
			buildConfigurationList = 121918CC2950169A00972F7C /* Build configuration list for PBXNativeTarget "Contact" */;
			buildPhases = (
				121918B12950169800972F7C /* Sources */,
				121918B22950169800972F7C /* Frameworks */,
				121918B32950169800972F7C /* Resources */,
			);
			buildRules = (
			);
			dependencies = (
			);
			name = Contact;
			productName = Contact;
			productReference = 121918B52950169800972F7C /* Contact.app */;
			productType = "com.apple.product-type.application";
		};
/* End PBXNativeTarget section */

/* Begin PBXProject section */
		121918AD2950169800972F7C /* Project object */ = {
			isa = PBXProject;
			attributes = {
				BuildIndependentTargetsInParallel = 1;
				LastSwiftUpdateCheck = 1400;
				LastUpgradeCheck = 1400;
				TargetAttributes = {
					121918B42950169800972F7C = {
						CreatedOnToolsVersion = 14.0;
					};
				};
			};
			buildConfigurationList = 121918B02950169800972F7C /* Build configuration list for PBXProject "Contact" */;
			compatibilityVersion = "Xcode 14.0";
			developmentRegion = en;
			hasScannedForEncodings = 0;
			knownRegions = (
				en,
				Base,
			);
			mainGroup = 121918AC2950169800972F7C;
			productRefGroup = 121918B62950169800972F7C /* Products */;
			projectDirPath = "";
			projectRoot = "";
			targets = (
				121918B42950169800972F7C /* Contact */,
			);
		};
/* End PBXProject section */

/* Begin PBXResourcesBuildPhase section */
		121918B32950169800972F7C /* Resources */ = {
			isa = PBXResourcesBuildPhase;
			buildActionMask = 2147483647;
			files = (
				121918C82950169A00972F7C /* LaunchScreen.storyboard in Resources */,
				121918C52950169A00972F7C /* Assets.xcassets in Resources */,
				121918C02950169800972F7C /* Main.storyboard in Resources */,
			);
			runOnlyForDeploymentPostprocessing = 0;
		};
/* End PBXResourcesBuildPhase section */

/* Begin PBXSourcesBuildPhase section */
		121918B12950169800972F7C /* Sources */ = {
			isa = PBXSourcesBuildPhase;
			buildActionMask = 2147483647;
			files = (
				123EEA94295025E80064B446 /* ContactCell.swift in Sources */,
				123EEA9829502DEC0064B446 /* CustomTextField.swift in Sources */,
				121918D42950178000972F7C /* ContactModels.swift in Sources */,
				121918D62950178000972F7C /* ContactInteractor.swift in Sources */,
				121918D52950178000972F7C /* ContactViewController.swift in Sources */,
				121918C32950169800972F7C /* Contact.xcdatamodeld in Sources */,
				123EEA9629502CD50064B446 /* AddContactViewController.swift in Sources */,
				123EEA9A29502E2F0064B446 /* Extensions.swift in Sources */,
				121918BD2950169800972F7C /* ViewController.swift in Sources */,
				121918D32950178000972F7C /* ContactPresenter.swift in Sources */,
				121918B92950169800972F7C /* AppDelegate.swift in Sources */,
				121918BB2950169800972F7C /* SceneDelegate.swift in Sources */,
			);
			runOnlyForDeploymentPostprocessing = 0;
		};
/* End PBXSourcesBuildPhase section */

/* Begin PBXVariantGroup section */
		121918BE2950169800972F7C /* Main.storyboard */ = {
			isa = PBXVariantGroup;
			children = (
				121918BF2950169800972F7C /* Base */,
			);
			name = Main.storyboard;
			sourceTree = "<group>";
		};
		121918C62950169A00972F7C /* LaunchScreen.storyboard */ = {
			isa = PBXVariantGroup;
			children = (
				121918C72950169A00972F7C /* Base */,
			);
			name = LaunchScreen.storyboard;
			sourceTree = "<group>";
		};
/* End PBXVariantGroup section */

/* Begin XCBuildConfiguration section */
		121918CA2950169A00972F7C /* Debug */ = {
			isa = XCBuildConfiguration;
			buildSettings = {
				ALWAYS_SEARCH_USER_PATHS = NO;
				CLANG_ANALYZER_NONNULL = YES;
				CLANG_ANALYZER_NUMBER_OBJECT_CONVERSION = YES_AGGRESSIVE;
				CLANG_CXX_LANGUAGE_STANDARD = "gnu++20";
				CLANG_ENABLE_MODULES = YES;
				CLANG_ENABLE_OBJC_ARC = YES;
				CLANG_ENABLE_OBJC_WEAK = YES;
				CLANG_WARN_BLOCK_CAPTURE_AUTORELEASING = YES;
				CLANG_WARN_BOOL_CONVERSION = YES;
				CLANG_WARN_COMMA = YES;
				CLANG_WARN_CONSTANT_CONVERSION = YES;
				CLANG_WARN_DEPRECATED_OBJC_IMPLEMENTATIONS = YES;
				CLANG_WARN_DIRECT_OBJC_ISA_USAGE = YES_ERROR;
				CLANG_WARN_DOCUMENTATION_COMMENTS = YES;
				CLANG_WARN_EMPTY_BODY = YES;
				CLANG_WARN_ENUM_CONVERSION = YES;
				CLANG_WARN_INFINITE_RECURSION = YES;
				CLANG_WARN_INT_CONVERSION = YES;
				CLANG_WARN_NON_LITERAL_NULL_CONVERSION = YES;
				CLANG_WARN_OBJC_IMPLICIT_RETAIN_SELF = YES;
				CLANG_WARN_OBJC_LITERAL_CONVERSION = YES;
				CLANG_WARN_OBJC_ROOT_CLASS = YES_ERROR;
				CLANG_WARN_QUOTED_INCLUDE_IN_FRAMEWORK_HEADER = YES;
				CLANG_WARN_RANGE_LOOP_ANALYSIS = YES;
				CLANG_WARN_STRICT_PROTOTYPES = YES;
				CLANG_WARN_SUSPICIOUS_MOVE = YES;
				CLANG_WARN_UNGUARDED_AVAILABILITY = YES_AGGRESSIVE;
				CLANG_WARN_UNREACHABLE_CODE = YES;
				CLANG_WARN__DUPLICATE_METHOD_MATCH = YES;
				COPY_PHASE_STRIP = NO;
				DEBUG_INFORMATION_FORMAT = dwarf;
				ENABLE_STRICT_OBJC_MSGSEND = YES;
				ENABLE_TESTABILITY = YES;
				GCC_C_LANGUAGE_STANDARD = gnu11;
				GCC_DYNAMIC_NO_PIC = NO;
				GCC_NO_COMMON_BLOCKS = YES;
				GCC_OPTIMIZATION_LEVEL = 0;
				GCC_PREPROCESSOR_DEFINITIONS = (
					"DEBUG=1",
					"$(inherited)",
				);
				GCC_WARN_64_TO_32_BIT_CONVERSION = YES;
				GCC_WARN_ABOUT_RETURN_TYPE = YES_ERROR;
				GCC_WARN_UNDECLARED_SELECTOR = YES;
				GCC_WARN_UNINITIALIZED_AUTOS = YES_AGGRESSIVE;
				GCC_WARN_UNUSED_FUNCTION = YES;
				GCC_WARN_UNUSED_VARIABLE = YES;
				IPHONEOS_DEPLOYMENT_TARGET = 16.0;
				MTL_ENABLE_DEBUG_INFO = INCLUDE_SOURCE;
				MTL_FAST_MATH = YES;
				ONLY_ACTIVE_ARCH = YES;
				SDKROOT = iphoneos;
				SWIFT_ACTIVE_COMPILATION_CONDITIONS = DEBUG;
				SWIFT_OPTIMIZATION_LEVEL = "-Onone";
			};
			name = Debug;
		};
		121918CB2950169A00972F7C /* Release */ = {
			isa = XCBuildConfiguration;
			buildSettings = {
				ALWAYS_SEARCH_USER_PATHS = NO;
				CLANG_ANALYZER_NONNULL = YES;
				CLANG_ANALYZER_NUMBER_OBJECT_CONVERSION = YES_AGGRESSIVE;
				CLANG_CXX_LANGUAGE_STANDARD = "gnu++20";
				CLANG_ENABLE_MODULES = YES;
				CLANG_ENABLE_OBJC_ARC = YES;
				CLANG_ENABLE_OBJC_WEAK = YES;
				CLANG_WARN_BLOCK_CAPTURE_AUTORELEASING = YES;
				CLANG_WARN_BOOL_CONVERSION = YES;
				CLANG_WARN_COMMA = YES;
				CLANG_WARN_CONSTANT_CONVERSION = YES;
				CLANG_WARN_DEPRECATED_OBJC_IMPLEMENTATIONS = YES;
				CLANG_WARN_DIRECT_OBJC_ISA_USAGE = YES_ERROR;
				CLANG_WARN_DOCUMENTATION_COMMENTS = YES;
				CLANG_WARN_EMPTY_BODY = YES;
				CLANG_WARN_ENUM_CONVERSION = YES;
				CLANG_WARN_INFINITE_RECURSION = YES;
				CLANG_WARN_INT_CONVERSION = YES;
				CLANG_WARN_NON_LITERAL_NULL_CONVERSION = YES;
				CLANG_WARN_OBJC_IMPLICIT_RETAIN_SELF = YES;
				CLANG_WARN_OBJC_LITERAL_CONVERSION = YES;
				CLANG_WARN_OBJC_ROOT_CLASS = YES_ERROR;
				CLANG_WARN_QUOTED_INCLUDE_IN_FRAMEWORK_HEADER = YES;
				CLANG_WARN_RANGE_LOOP_ANALYSIS = YES;
				CLANG_WARN_STRICT_PROTOTYPES = YES;
				CLANG_WARN_SUSPICIOUS_MOVE = YES;
				CLANG_WARN_UNGUARDED_AVAILABILITY = YES_AGGRESSIVE;
				CLANG_WARN_UNREACHABLE_CODE = YES;
				CLANG_WARN__DUPLICATE_METHOD_MATCH = YES;
				COPY_PHASE_STRIP = NO;
				DEBUG_INFORMATION_FORMAT = "dwarf-with-dsym";
				ENABLE_NS_ASSERTIONS = NO;
				ENABLE_STRICT_OBJC_MSGSEND = YES;
				GCC_C_LANGUAGE_STANDARD = gnu11;
				GCC_NO_COMMON_BLOCKS = YES;
				GCC_WARN_64_TO_32_BIT_CONVERSION = YES;
				GCC_WARN_ABOUT_RETURN_TYPE = YES_ERROR;
				GCC_WARN_UNDECLARED_SELECTOR = YES;
				GCC_WARN_UNINITIALIZED_AUTOS = YES_AGGRESSIVE;
				GCC_WARN_UNUSED_FUNCTION = YES;
				GCC_WARN_UNUSED_VARIABLE = YES;
				IPHONEOS_DEPLOYMENT_TARGET = 16.0;
				MTL_ENABLE_DEBUG_INFO = NO;
				MTL_FAST_MATH = YES;
				SDKROOT = iphoneos;
				SWIFT_COMPILATION_MODE = wholemodule;
				SWIFT_OPTIMIZATION_LEVEL = "-O";
				VALIDATE_PRODUCT = YES;
			};
			name = Release;
		};
		121918CD2950169A00972F7C /* Debug */ = {
			isa = XCBuildConfiguration;
			buildSettings = {
				ASSETCATALOG_COMPILER_APPICON_NAME = AppIcon;
				ASSETCATALOG_COMPILER_GLOBAL_ACCENT_COLOR_NAME = AccentColor;
				CODE_SIGN_STYLE = Automatic;
				CURRENT_PROJECT_VERSION = 1;
				DEVELOPMENT_TEAM = M4U4X47C36;
				GENERATE_INFOPLIST_FILE = YES;
				INFOPLIST_FILE = Contact/Info.plist;
				INFOPLIST_KEY_UIApplicationSupportsIndirectInputEvents = YES;
				INFOPLIST_KEY_UILaunchStoryboardName = LaunchScreen;
				INFOPLIST_KEY_UIMainStoryboardFile = Main;
				INFOPLIST_KEY_UISupportedInterfaceOrientations_iPad = "UIInterfaceOrientationPortrait UIInterfaceOrientationPortraitUpsideDown UIInterfaceOrientationLandscapeLeft UIInterfaceOrientationLandscapeRight";
				INFOPLIST_KEY_UISupportedInterfaceOrientations_iPhone = "UIInterfaceOrientationPortrait UIInterfaceOrientationLandscapeLeft UIInterfaceOrientationLandscapeRight";
				LD_RUNPATH_SEARCH_PATHS = (
					"$(inherited)",
					"@executable_path/Frameworks",
				);
				MARKETING_VERSION = 1.0;
				PRODUCT_BUNDLE_IDENTIFIER = ZSGS.Contact;
				PRODUCT_NAME = "$(TARGET_NAME)";
				SWIFT_EMIT_LOC_STRINGS = YES;
				SWIFT_VERSION = 5.0;
				TARGETED_DEVICE_FAMILY = "1,2";
			};
			name = Debug;
		};
		121918CE2950169A00972F7C /* Release */ = {
			isa = XCBuildConfiguration;
			buildSettings = {
				ASSETCATALOG_COMPILER_APPICON_NAME = AppIcon;
				ASSETCATALOG_COMPILER_GLOBAL_ACCENT_COLOR_NAME = AccentColor;
				CODE_SIGN_STYLE = Automatic;
				CURRENT_PROJECT_VERSION = 1;
				DEVELOPMENT_TEAM = M4U4X47C36;
				GENERATE_INFOPLIST_FILE = YES;
				INFOPLIST_FILE = Contact/Info.plist;
				INFOPLIST_KEY_UIApplicationSupportsIndirectInputEvents = YES;
				INFOPLIST_KEY_UILaunchStoryboardName = LaunchScreen;
				INFOPLIST_KEY_UIMainStoryboardFile = Main;
				INFOPLIST_KEY_UISupportedInterfaceOrientations_iPad = "UIInterfaceOrientationPortrait UIInterfaceOrientationPortraitUpsideDown UIInterfaceOrientationLandscapeLeft UIInterfaceOrientationLandscapeRight";
				INFOPLIST_KEY_UISupportedInterfaceOrientations_iPhone = "UIInterfaceOrientationPortrait UIInterfaceOrientationLandscapeLeft UIInterfaceOrientationLandscapeRight";
				LD_RUNPATH_SEARCH_PATHS = (
					"$(inherited)",
					"@executable_path/Frameworks",
				);
				MARKETING_VERSION = 1.0;
				PRODUCT_BUNDLE_IDENTIFIER = ZSGS.Contact;
				PRODUCT_NAME = "$(TARGET_NAME)";
				SWIFT_EMIT_LOC_STRINGS = YES;
				SWIFT_VERSION = 5.0;
				TARGETED_DEVICE_FAMILY = "1,2";
			};
			name = Release;
		};
/* End XCBuildConfiguration section */

/* Begin XCConfigurationList section */
		121918B02950169800972F7C /* Build configuration list for PBXProject "Contact" */ = {
			isa = XCConfigurationList;
			buildConfigurations = (
				121918CA2950169A00972F7C /* Debug */,
				121918CB2950169A00972F7C /* Release */,
			);
			defaultConfigurationIsVisible = 0;
			defaultConfigurationName = Release;
		};
		121918CC2950169A00972F7C /* Build configuration list for PBXNativeTarget "Contact" */ = {
			isa = XCConfigurationList;
			buildConfigurations = (
				121918CD2950169A00972F7C /* Debug */,
				121918CE2950169A00972F7C /* Release */,
			);
			defaultConfigurationIsVisible = 0;
			defaultConfigurationName = Release;
		};
/* End XCConfigurationList section */

/* Begin XCVersionGroup section */
		121918C12950169800972F7C /* Contact.xcdatamodeld */ = {
			isa = XCVersionGroup;
			children = (
				121918C22950169800972F7C /* Contact.xcdatamodel */,
			);
			currentVersion = 121918C22950169800972F7C /* Contact.xcdatamodel */;
			path = Contact.xcdatamodeld;
			sourceTree = "<group>";
			versionGroupType = wrapper.xcdatamodel;
		};
/* End XCVersionGroup section */
	};
	rootObject = 121918AD2950169800972F7C /* Project object */;
}
